
Microsoft Visual Studio Solution File, Format Version 12.00
# Visual Studio Version 17
VisualStudioVersion = 17.8.34330.188
MinimumVisualStudioVersion = 10.0.40219.1
Project("{FAE04EC0-301F-11D3-BF4B-00C04F79EFBC}") = "MauiCollectionViewBug", "MauiCollectionViewBug\MauiCollectionViewBug.csproj", "{3AD20700-71FF-42F7-9236-CE4ED62AE465}"
EndProject
Global
	GlobalSection(SolutionConfigurationPlatforms) = preSolution
		Debug|Any CPU = Debug|Any CPU
		Release|Any CPU = Release|Any CPU
	EndGlobalSection
	GlobalSection(ProjectConfigurationPlatforms) = postSolution
		{3AD20700-71FF-42F7-9236-CE4ED62AE465}.Debug|Any CPU.ActiveCfg = Debug|Any CPU
		{3AD20700-71FF-42F7-9236-CE4ED62AE465}.Debug|Any CPU.Build.0 = Debug|Any CPU
		{3AD20700-71FF-42F7-9236-CE4ED62AE465}.Debug|Any CPU.Deploy.0 = Debug|Any CPU
		{3AD20700-71FF-42F7-9236-CE4ED62AE465}.Release|Any CPU.ActiveCfg = Release|Any CPU
		{3AD20700-71FF-42F7-9236-CE4ED62AE465}.Release|Any CPU.Build.0 = Release|Any CPU
		{3AD20700-71FF-42F7-9236-CE4ED62AE465}.Release|Any CPU.Deploy.0 = Release|Any CPU
	EndGlobalSection
	GlobalSection(SolutionProperties) = preSolution
		HideSolutionNode = FALSE
	EndGlobalSection
	GlobalSection(ExtensibilityGlobals) = postSolution
		SolutionGuid = {A9866742-0E79-4487-BFB7-47C0AB98AE94}
	EndGlobalSection
EndGlobal
